// !$*UTF8*$!
{
	archiveVersion = 1;
	classes = {
	};
	objectVersion = 46;
	objects = {

/* Begin PBXBuildFile section */
		2BB961241C56C7C500114D33 /* ScreenUtils.swift in Sources */ = {isa = PBXBuildFile; fileRef = 2BB961231C56C7C500114D33 /* ScreenUtils.swift */; settings = {ASSET_TAGS = (); }; };
		2BB961271C56CD6E00114D33 /* SlideLeftSegue.swift in Sources */ = {isa = PBXBuildFile; fileRef = 2BB961261C56CD6E00114D33 /* SlideLeftSegue.swift */; settings = {ASSET_TAGS = (); }; };
		2BB961291C56D1A400114D33 /* SlideRightSegue.swift in Sources */ = {isa = PBXBuildFile; fileRef = 2BB961281C56D1A400114D33 /* SlideRightSegue.swift */; settings = {ASSET_TAGS = (); }; };
		2BB9612E1C56F92800114D33 /* WebClient.swift in Sources */ = {isa = PBXBuildFile; fileRef = 2BB9612D1C56F92800114D33 /* WebClient.swift */; settings = {ASSET_TAGS = (); }; };
		2BB961301C57041500114D33 /* Extensions.swift in Sources */ = {isa = PBXBuildFile; fileRef = 2BB9612F1C57041500114D33 /* Extensions.swift */; settings = {ASSET_TAGS = (); }; };
		2BB961331C57DB2600114D33 /* MapManager.swift in Sources */ = {isa = PBXBuildFile; fileRef = 2BB961321C57DB2600114D33 /* MapManager.swift */; settings = {ASSET_TAGS = (); }; };
		2BB961351C57DB4A00114D33 /* Constants.swift in Sources */ = {isa = PBXBuildFile; fileRef = 2BB961341C57DB4A00114D33 /* Constants.swift */; settings = {ASSET_TAGS = (); }; };
		CCC9E3281C54103D00FE8406 /* HistoryViewController.swift in Sources */ = {isa = PBXBuildFile; fileRef = CCC9E3271C54103D00FE8406 /* HistoryViewController.swift */; };
		CCC9E32A1C5413C300FE8406 /* MenuViewController.swift in Sources */ = {isa = PBXBuildFile; fileRef = CCC9E3291C5413C300FE8406 /* MenuViewController.swift */; };
		CCE64BEE1C53003C00C8A637 /* AppDelegate.swift in Sources */ = {isa = PBXBuildFile; fileRef = CCE64BED1C53003C00C8A637 /* AppDelegate.swift */; };
		CCE64BF01C53003C00C8A637 /* MapViewController.swift in Sources */ = {isa = PBXBuildFile; fileRef = CCE64BEF1C53003C00C8A637 /* MapViewController.swift */; };
		CCE64BF31C53003C00C8A637 /* Main.storyboard in Resources */ = {isa = PBXBuildFile; fileRef = CCE64BF11C53003C00C8A637 /* Main.storyboard */; };
		CCE64BF51C53003C00C8A637 /* Assets.xcassets in Resources */ = {isa = PBXBuildFile; fileRef = CCE64BF41C53003C00C8A637 /* Assets.xcassets */; };
		CCE64C031C53003C00C8A637 /* locker_appTests.swift in Sources */ = {isa = PBXBuildFile; fileRef = CCE64C021C53003C00C8A637 /* locker_appTests.swift */; };
		EDD6ED3153876B4F8386D254 /* Pods.framework in Frameworks */ = {isa = PBXBuildFile; fileRef = 07A1CD1BEBDBB73BCAB13775 /* Pods.framework */; };
/* End PBXBuildFile section */

/* Begin PBXContainerItemProxy section */
		CCE64BFF1C53003C00C8A637 /* PBXContainerItemProxy */ = {
			isa = PBXContainerItemProxy;
			containerPortal = CCE64BE21C53003C00C8A637 /* Project object */;
			proxyType = 1;
			remoteGlobalIDString = CCE64BE91C53003C00C8A637;
			remoteInfo = locker_app;
		};
/* End PBXContainerItemProxy section */

/* Begin PBXFileReference section */
		07A1CD1BEBDBB73BCAB13775 /* Pods.framework */ = {isa = PBXFileReference; explicitFileType = wrapper.framework; includeInIndex = 0; path = Pods.framework; sourceTree = BUILT_PRODUCTS_DIR; };
		2BB961231C56C7C500114D33 /* ScreenUtils.swift */ = {isa = PBXFileReference; fileEncoding = 4; lastKnownFileType = sourcecode.swift; path = ScreenUtils.swift; sourceTree = "<group>"; };
		2BB961261C56CD6E00114D33 /* SlideLeftSegue.swift */ = {isa = PBXFileReference; fileEncoding = 4; lastKnownFileType = sourcecode.swift; path = SlideLeftSegue.swift; sourceTree = "<group>"; };
		2BB961281C56D1A400114D33 /* SlideRightSegue.swift */ = {isa = PBXFileReference; fileEncoding = 4; lastKnownFileType = sourcecode.swift; path = SlideRightSegue.swift; sourceTree = "<group>"; };
		2BB9612D1C56F92800114D33 /* WebClient.swift */ = {isa = PBXFileReference; fileEncoding = 4; lastKnownFileType = sourcecode.swift; path = WebClient.swift; sourceTree = "<group>"; };
		2BB9612F1C57041500114D33 /* Extensions.swift */ = {isa = PBXFileReference; fileEncoding = 4; lastKnownFileType = sourcecode.swift; path = Extensions.swift; sourceTree = "<group>"; };
		2BB961321C57DB2600114D33 /* MapManager.swift */ = {isa = PBXFileReference; fileEncoding = 4; lastKnownFileType = sourcecode.swift; path = MapManager.swift; sourceTree = "<group>"; };
		2BB961341C57DB4A00114D33 /* Constants.swift */ = {isa = PBXFileReference; fileEncoding = 4; lastKnownFileType = sourcecode.swift; path = Constants.swift; sourceTree = "<group>"; };
		54D0622FC5E4BB07C6C6874C /* Pods.debug.xcconfig */ = {isa = PBXFileReference; includeInIndex = 1; lastKnownFileType = text.xcconfig; name = Pods.debug.xcconfig; path = "Pods/Target Support Files/Pods/Pods.debug.xcconfig"; sourceTree = "<group>"; };
		CCC9E3271C54103D00FE8406 /* HistoryViewController.swift */ = {isa = PBXFileReference; fileEncoding = 4; lastKnownFileType = sourcecode.swift; path = HistoryViewController.swift; sourceTree = "<group>"; };
		CCC9E3291C5413C300FE8406 /* MenuViewController.swift */ = {isa = PBXFileReference; fileEncoding = 4; lastKnownFileType = sourcecode.swift; path = MenuViewController.swift; sourceTree = "<group>"; };
		CCE64BEA1C53003C00C8A637 /* locker_app.app */ = {isa = PBXFileReference; explicitFileType = wrapper.application; includeInIndex = 0; path = locker_app.app; sourceTree = BUILT_PRODUCTS_DIR; };
		CCE64BED1C53003C00C8A637 /* AppDelegate.swift */ = {isa = PBXFileReference; lastKnownFileType = sourcecode.swift; path = AppDelegate.swift; sourceTree = "<group>"; };
		CCE64BEF1C53003C00C8A637 /* MapViewController.swift */ = {isa = PBXFileReference; lastKnownFileType = sourcecode.swift; path = MapViewController.swift; sourceTree = "<group>"; };
		CCE64BF21C53003C00C8A637 /* Base */ = {isa = PBXFileReference; lastKnownFileType = file.storyboard; name = Base; path = Base.lproj/Main.storyboard; sourceTree = "<group>"; };
		CCE64BF41C53003C00C8A637 /* Assets.xcassets */ = {isa = PBXFileReference; lastKnownFileType = folder.assetcatalog; path = Assets.xcassets; sourceTree = "<group>"; };
		CCE64BF91C53003C00C8A637 /* Info.plist */ = {isa = PBXFileReference; lastKnownFileType = text.plist.xml; path = Info.plist; sourceTree = "<group>"; };
		CCE64BFE1C53003C00C8A637 /* locker_appTests.xctest */ = {isa = PBXFileReference; explicitFileType = wrapper.cfbundle; includeInIndex = 0; path = locker_appTests.xctest; sourceTree = BUILT_PRODUCTS_DIR; };
		CCE64C021C53003C00C8A637 /* locker_appTests.swift */ = {isa = PBXFileReference; lastKnownFileType = sourcecode.swift; path = locker_appTests.swift; sourceTree = "<group>"; };
		CCE64C041C53003C00C8A637 /* Info.plist */ = {isa = PBXFileReference; lastKnownFileType = text.plist.xml; path = Info.plist; sourceTree = "<group>"; };
		E22DAB05B0C3F614F9CB0471 /* Pods.release.xcconfig */ = {isa = PBXFileReference; includeInIndex = 1; lastKnownFileType = text.xcconfig; name = Pods.release.xcconfig; path = "Pods/Target Support Files/Pods/Pods.release.xcconfig"; sourceTree = "<group>"; };
/* End PBXFileReference section */

/* Begin PBXFrameworksBuildPhase section */
		CCE64BE71C53003C00C8A637 /* Frameworks */ = {
			isa = PBXFrameworksBuildPhase;
			buildActionMask = 2147483647;
			files = (
				EDD6ED3153876B4F8386D254 /* Pods.framework in Frameworks */,
			);
			runOnlyForDeploymentPostprocessing = 0;
		};
		CCE64BFB1C53003C00C8A637 /* Frameworks */ = {
			isa = PBXFrameworksBuildPhase;
			buildActionMask = 2147483647;
			files = (
			);
			runOnlyForDeploymentPostprocessing = 0;
		};
/* End PBXFrameworksBuildPhase section */

/* Begin PBXGroup section */
		2BB961251C56CD4A00114D33 /* custom segues */ = {
			isa = PBXGroup;
			children = (
				2BB961261C56CD6E00114D33 /* SlideLeftSegue.swift */,
				2BB961281C56D1A400114D33 /* SlideRightSegue.swift */,
			);
			name = "custom segues";
			sourceTree = "<group>";
		};
		2BB9612A1C56F8CA00114D33 /* storyboards */ = {
			isa = PBXGroup;
			children = (
				CCE64BF11C53003C00C8A637 /* Main.storyboard */,
			);
			name = storyboards;
			sourceTree = "<group>";
		};
		2BB9612B1C56F8F200114D33 /* view controllers */ = {
			isa = PBXGroup;
			children = (
				CCE64BEF1C53003C00C8A637 /* MapViewController.swift */,
				CCC9E3271C54103D00FE8406 /* HistoryViewController.swift */,
				CCC9E3291C5413C300FE8406 /* MenuViewController.swift */,
			);
			name = "view controllers";
			sourceTree = "<group>";
		};
		2BB9612C1C56F90700114D33 /* util */ = {
			isa = PBXGroup;
			children = (
				2BB961231C56C7C500114D33 /* ScreenUtils.swift */,
				2BB9612D1C56F92800114D33 /* WebClient.swift */,
				2BB9612F1C57041500114D33 /* Extensions.swift */,
				2BB961341C57DB4A00114D33 /* Constants.swift */,
			);
			name = util;
			sourceTree = "<group>";
		};
		2BB961311C57DB1A00114D33 /* managers */ = {
			isa = PBXGroup;
			children = (
				2BB961321C57DB2600114D33 /* MapManager.swift */,
			);
			name = managers;
			sourceTree = "<group>";
		};
		9DDCB00712987602E3AEE0D8 /* Frameworks */ = {
			isa = PBXGroup;
			children = (
				07A1CD1BEBDBB73BCAB13775 /* Pods.framework */,
			);
			name = Frameworks;
			sourceTree = "<group>";
		};
		CCE64BE11C53003C00C8A637 = {
			isa = PBXGroup;
			children = (
				CCE64BEC1C53003C00C8A637 /* locker_app */,
				CCE64C011C53003C00C8A637 /* locker_appTests */,
				CCE64BEB1C53003C00C8A637 /* Products */,
				E1C537FD6B94F6A9C2969596 /* Pods */,
				9DDCB00712987602E3AEE0D8 /* Frameworks */,
			);
			sourceTree = "<group>";
		};
		CCE64BEB1C53003C00C8A637 /* Products */ = {
			isa = PBXGroup;
			children = (
				CCE64BEA1C53003C00C8A637 /* locker_app.app */,
				CCE64BFE1C53003C00C8A637 /* locker_appTests.xctest */,
			);
			name = Products;
			sourceTree = "<group>";
		};
		CCE64BEC1C53003C00C8A637 /* locker_app */ = {
			isa = PBXGroup;
			children = (
				2BB961311C57DB1A00114D33 /* managers */,
				2BB9612C1C56F90700114D33 /* util */,
				2BB9612B1C56F8F200114D33 /* view controllers */,
				2BB9612A1C56F8CA00114D33 /* storyboards */,
				2BB961251C56CD4A00114D33 /* custom segues */,
				CCE64BED1C53003C00C8A637 /* AppDelegate.swift */,
				CCE64BF41C53003C00C8A637 /* Assets.xcassets */,
				CCE64BF91C53003C00C8A637 /* Info.plist */,
			);
			path = locker_app;
			sourceTree = "<group>";
		};
		CCE64C011C53003C00C8A637 /* locker_appTests */ = {
			isa = PBXGroup;
			children = (
				CCE64C021C53003C00C8A637 /* locker_appTests.swift */,
				CCE64C041C53003C00C8A637 /* Info.plist */,
			);
			path = locker_appTests;
			sourceTree = "<group>";
		};
		E1C537FD6B94F6A9C2969596 /* Pods */ = {
			isa = PBXGroup;
			children = (
				54D0622FC5E4BB07C6C6874C /* Pods.debug.xcconfig */,
				E22DAB05B0C3F614F9CB0471 /* Pods.release.xcconfig */,
			);
			name = Pods;
			sourceTree = "<group>";
		};
/* End PBXGroup section */

/* Begin PBXNativeTarget section */
		CCE64BE91C53003C00C8A637 /* locker_app */ = {
			isa = PBXNativeTarget;
			buildConfigurationList = CCE64C071C53003C00C8A637 /* Build configuration list for PBXNativeTarget "locker_app" */;
			buildPhases = (
				33583C97549488AB0E45AEF6 /* Check Pods Manifest.lock */,
				CCE64BE61C53003C00C8A637 /* Sources */,
				CCE64BE71C53003C00C8A637 /* Frameworks */,
				CCE64BE81C53003C00C8A637 /* Resources */,
				077D6C40F21928358A3FBD5A /* Copy Pods Resources */,
				E8B809029E52D85474FE0C79 /* Embed Pods Frameworks */,
			);
			buildRules = (
			);
			dependencies = (
			);
			name = locker_app;
			productName = locker_app;
			productReference = CCE64BEA1C53003C00C8A637 /* locker_app.app */;
			productType = "com.apple.product-type.application";
		};
		CCE64BFD1C53003C00C8A637 /* locker_appTests */ = {
			isa = PBXNativeTarget;
			buildConfigurationList = CCE64C0A1C53003C00C8A637 /* Build configuration list for PBXNativeTarget "locker_appTests" */;
			buildPhases = (
				CCE64BFA1C53003C00C8A637 /* Sources */,
				CCE64BFB1C53003C00C8A637 /* Frameworks */,
				CCE64BFC1C53003C00C8A637 /* Resources */,
			);
			buildRules = (
			);
			dependencies = (
				CCE64C001C53003C00C8A637 /* PBXTargetDependency */,
			);
			name = locker_appTests;
			productName = locker_appTests;
			productReference = CCE64BFE1C53003C00C8A637 /* locker_appTests.xctest */;
			productType = "com.apple.product-type.bundle.unit-test";
		};
/* End PBXNativeTarget section */

/* Begin PBXProject section */
		CCE64BE21C53003C00C8A637 /* Project object */ = {
			isa = PBXProject;
			attributes = {
				LastSwiftUpdateCheck = 0720;
				LastUpgradeCheck = 0720;
				ORGANIZATIONNAME = "Ali Hyder";
				TargetAttributes = {
					CCE64BE91C53003C00C8A637 = {
						CreatedOnToolsVersion = 7.2;
						DevelopmentTeam = U56KTVS3XM;
					};
					CCE64BFD1C53003C00C8A637 = {
						CreatedOnToolsVersion = 7.2;
						DevelopmentTeam = U56KTVS3XM;
						TestTargetID = CCE64BE91C53003C00C8A637;
					};
				};
			};
			buildConfigurationList = CCE64BE51C53003C00C8A637 /* Build configuration list for PBXProject "locker_app" */;
			compatibilityVersion = "Xcode 3.2";
			developmentRegion = English;
			hasScannedForEncodings = 0;
			knownRegions = (
				en,
				Base,
			);
			mainGroup = CCE64BE11C53003C00C8A637;
			productRefGroup = CCE64BEB1C53003C00C8A637 /* Products */;
			projectDirPath = "";
			projectRoot = "";
			targets = (
				CCE64BE91C53003C00C8A637 /* locker_app */,
				CCE64BFD1C53003C00C8A637 /* locker_appTests */,
			);
		};
/* End PBXProject section */

/* Begin PBXResourcesBuildPhase section */
		CCE64BE81C53003C00C8A637 /* Resources */ = {
			isa = PBXResourcesBuildPhase;
			buildActionMask = 2147483647;
			files = (
				CCE64BF51C53003C00C8A637 /* Assets.xcassets in Resources */,
				CCE64BF31C53003C00C8A637 /* Main.storyboard in Resources */,
			);
			runOnlyForDeploymentPostprocessing = 0;
		};
		CCE64BFC1C53003C00C8A637 /* Resources */ = {
			isa = PBXResourcesBuildPhase;
			buildActionMask = 2147483647;
			files = (
			);
			runOnlyForDeploymentPostprocessing = 0;
		};
/* End PBXResourcesBuildPhase section */

/* Begin PBXShellScriptBuildPhase section */
		077D6C40F21928358A3FBD5A /* Copy Pods Resources */ = {
			isa = PBXShellScriptBuildPhase;
			buildActionMask = 2147483647;
			files = (
			);
			inputPaths = (
			);
			name = "Copy Pods Resources";
			outputPaths = (
			);
			runOnlyForDeploymentPostprocessing = 0;
			shellPath = /bin/sh;
			shellScript = "\"${SRCROOT}/Pods/Target Support Files/Pods/Pods-resources.sh\"\n";
			showEnvVarsInLog = 0;
		};
		33583C97549488AB0E45AEF6 /* Check Pods Manifest.lock */ = {
			isa = PBXShellScriptBuildPhase;
			buildActionMask = 2147483647;
			files = (
			);
			inputPaths = (
			);
			name = "Check Pods Manifest.lock";
			outputPaths = (
			);
			runOnlyForDeploymentPostprocessing = 0;
			shellPath = /bin/sh;
			shellScript = "diff \"${PODS_ROOT}/../Podfile.lock\" \"${PODS_ROOT}/Manifest.lock\" > /dev/null\nif [[ $? != 0 ]] ; then\n    cat << EOM\nerror: The sandbox is not in sync with the Podfile.lock. Run 'pod install' or update your CocoaPods installation.\nEOM\n    exit 1\nfi\n";
			showEnvVarsInLog = 0;
		};
		E8B809029E52D85474FE0C79 /* Embed Pods Frameworks */ = {
			isa = PBXShellScriptBuildPhase;
			buildActionMask = 2147483647;
			files = (
			);
			inputPaths = (
			);
			name = "Embed Pods Frameworks";
			outputPaths = (
			);
			runOnlyForDeploymentPostprocessing = 0;
			shellPath = /bin/sh;
			shellScript = "\"${SRCROOT}/Pods/Target Support Files/Pods/Pods-frameworks.sh\"\n";
			showEnvVarsInLog = 0;
		};
/* End PBXShellScriptBuildPhase section */

/* Begin PBXSourcesBuildPhase section */
		CCE64BE61C53003C00C8A637 /* Sources */ = {
			isa = PBXSourcesBuildPhase;
			buildActionMask = 2147483647;
			files = (
				2BB961241C56C7C500114D33 /* ScreenUtils.swift in Sources */,
				2BB961351C57DB4A00114D33 /* Constants.swift in Sources */,
				2BB961301C57041500114D33 /* Extensions.swift in Sources */,
				CCE64BF01C53003C00C8A637 /* MapViewController.swift in Sources */,
				CCE64BEE1C53003C00C8A637 /* AppDelegate.swift in Sources */,
				CCC9E3281C54103D00FE8406 /* HistoryViewController.swift in Sources */,
				2BB961271C56CD6E00114D33 /* SlideLeftSegue.swift in Sources */,
				2BB961331C57DB2600114D33 /* MapManager.swift in Sources */,
				2BB961291C56D1A400114D33 /* SlideRightSegue.swift in Sources */,
				CCC9E32A1C5413C300FE8406 /* MenuViewController.swift in Sources */,
				2BB9612E1C56F92800114D33 /* WebClient.swift in Sources */,
			);
			runOnlyForDeploymentPostprocessing = 0;
		};
		CCE64BFA1C53003C00C8A637 /* Sources */ = {
			isa = PBXSourcesBuildPhase;
			buildActionMask = 2147483647;
			files = (
				CCE64C031C53003C00C8A637 /* locker_appTests.swift in Sources */,
			);
			runOnlyForDeploymentPostprocessing = 0;
		};
/* End PBXSourcesBuildPhase section */

/* Begin PBXTargetDependency section */
		CCE64C001C53003C00C8A637 /* PBXTargetDependency */ = {
			isa = PBXTargetDependency;
			target = CCE64BE91C53003C00C8A637 /* locker_app */;
			targetProxy = CCE64BFF1C53003C00C8A637 /* PBXContainerItemProxy */;
		};
/* End PBXTargetDependency section */

/* Begin PBXVariantGroup section */
		CCE64BF11C53003C00C8A637 /* Main.storyboard */ = {
			isa = PBXVariantGroup;
			children = (
				CCE64BF21C53003C00C8A637 /* Base */,
			);
			name = Main.storyboard;
			sourceTree = "<group>";
		};
/* End PBXVariantGroup section */

/* Begin XCBuildConfiguration section */
		CCE64C051C53003C00C8A637 /* Debug */ = {
			isa = XCBuildConfiguration;
			buildSettings = {
				ALWAYS_SEARCH_USER_PATHS = NO;
				CLANG_CXX_LANGUAGE_STANDARD = "gnu++0x";
				CLANG_CXX_LIBRARY = "libc++";
				CLANG_ENABLE_MODULES = YES;
				CLANG_ENABLE_OBJC_ARC = YES;
				CLANG_WARN_BOOL_CONVERSION = YES;
				CLANG_WARN_CONSTANT_CONVERSION = YES;
				CLANG_WARN_DIRECT_OBJC_ISA_USAGE = YES_ERROR;
				CLANG_WARN_EMPTY_BODY = YES;
				CLANG_WARN_ENUM_CONVERSION = YES;
				CLANG_WARN_INT_CONVERSION = YES;
				CLANG_WARN_OBJC_ROOT_CLASS = YES_ERROR;
				CLANG_WARN_UNREACHABLE_CODE = YES;
				CLANG_WARN__DUPLICATE_METHOD_MATCH = YES;
				"CODE_SIGN_IDENTITY[sdk=iphoneos*]" = "iPhone Developer";
				COPY_PHASE_STRIP = NO;
				DEBUG_INFORMATION_FORMAT = dwarf;
				ENABLE_STRICT_OBJC_MSGSEND = YES;
				ENABLE_TESTABILITY = YES;
				GCC_C_LANGUAGE_STANDARD = gnu99;
				GCC_DYNAMIC_NO_PIC = NO;
				GCC_NO_COMMON_BLOCKS = YES;
				GCC_OPTIMIZATION_LEVEL = 0;
				GCC_PREPROCESSOR_DEFINITIONS = (
					"DEBUG=1",
					"$(inherited)",
				);
				GCC_WARN_64_TO_32_BIT_CONVERSION = YES;
				GCC_WARN_ABOUT_RETURN_TYPE = YES_ERROR;
				GCC_WARN_UNDECLARED_SELECTOR = YES;
				GCC_WARN_UNINITIALIZED_AUTOS = YES_AGGRESSIVE;
				GCC_WARN_UNUSED_FUNCTION = YES;
				GCC_WARN_UNUSED_VARIABLE = YES;
				IPHONEOS_DEPLOYMENT_TARGET = 9.0;
				MTL_ENABLE_DEBUG_INFO = YES;
				ONLY_ACTIVE_ARCH = YES;
				SDKROOT = iphoneos;
				SWIFT_OPTIMIZATION_LEVEL = "-Onone";
				TARGETED_DEVICE_FAMILY = "1,2";
			};
			name = Debug;
		};
		CCE64C061C53003C00C8A637 /* Release */ = {
			isa = XCBuildConfiguration;
			buildSettings = {
				ALWAYS_SEARCH_USER_PATHS = NO;
				CLANG_CXX_LANGUAGE_STANDARD = "gnu++0x";
				CLANG_CXX_LIBRARY = "libc++";
				CLANG_ENABLE_MODULES = YES;
				CLANG_ENABLE_OBJC_ARC = YES;
				CLANG_WARN_BOOL_CONVERSION = YES;
				CLANG_WARN_CONSTANT_CONVERSION = YES;
				CLANG_WARN_DIRECT_OBJC_ISA_USAGE = YES_ERROR;
				CLANG_WARN_EMPTY_BODY = YES;
				CLANG_WARN_ENUM_CONVERSION = YES;
				CLANG_WARN_INT_CONVERSION = YES;
				CLANG_WARN_OBJC_ROOT_CLASS = YES_ERROR;
				CLANG_WARN_UNREACHABLE_CODE = YES;
				CLANG_WARN__DUPLICATE_METHOD_MATCH = YES;
				"CODE_SIGN_IDENTITY[sdk=iphoneos*]" = "iPhone Developer";
				COPY_PHASE_STRIP = NO;
				DEBUG_INFORMATION_FORMAT = "dwarf-with-dsym";
				ENABLE_NS_ASSERTIONS = NO;
				ENABLE_STRICT_OBJC_MSGSEND = YES;
				GCC_C_LANGUAGE_STANDARD = gnu99;
				GCC_NO_COMMON_BLOCKS = YES;
				GCC_WARN_64_TO_32_BIT_CONVERSION = YES;
				GCC_WARN_ABOUT_RETURN_TYPE = YES_ERROR;
				GCC_WARN_UNDECLARED_SELECTOR = YES;
				GCC_WARN_UNINITIALIZED_AUTOS = YES_AGGRESSIVE;
				GCC_WARN_UNUSED_FUNCTION = YES;
				GCC_WARN_UNUSED_VARIABLE = YES;
				IPHONEOS_DEPLOYMENT_TARGET = 9.0;
				MTL_ENABLE_DEBUG_INFO = NO;
				SDKROOT = iphoneos;
				TARGETED_DEVICE_FAMILY = "1,2";
				VALIDATE_PRODUCT = YES;
			};
			name = Release;
		};
		CCE64C081C53003C00C8A637 /* Debug */ = {
			isa = XCBuildConfiguration;
			baseConfigurationReference = 54D0622FC5E4BB07C6C6874C /* Pods.debug.xcconfig */;
			buildSettings = {
				ASSETCATALOG_COMPILER_APPICON_NAME = AppIcon;
				INFOPLIST_FILE = locker_app/Info.plist;
				LD_RUNPATH_SEARCH_PATHS = "$(inherited) @executable_path/Frameworks";
				PRODUCT_BUNDLE_IDENTIFIER = "Test.locker-app";
				PRODUCT_NAME = "$(TARGET_NAME)";
			};
			name = Debug;
		};
		CCE64C091C53003C00C8A637 /* Release */ = {
			isa = XCBuildConfiguration;
			baseConfigurationReference = E22DAB05B0C3F614F9CB0471 /* Pods.release.xcconfig */;
			buildSettings = {
				ASSETCATALOG_COMPILER_APPICON_NAME = AppIcon;
				INFOPLIST_FILE = locker_app/Info.plist;
				LD_RUNPATH_SEARCH_PATHS = "$(inherited) @executable_path/Frameworks";
				PRODUCT_BUNDLE_IDENTIFIER = "Test.locker-app";
				PRODUCT_NAME = "$(TARGET_NAME)";
			};
			name = Release;
		};
		CCE64C0B1C53003C00C8A637 /* Debug */ = {
			isa = XCBuildConfiguration;
			buildSettings = {
				BUNDLE_LOADER = "$(TEST_HOST)";
				INFOPLIST_FILE = locker_appTests/Info.plist;
				LD_RUNPATH_SEARCH_PATHS = "$(inherited) @executable_path/Frameworks @loader_path/Frameworks";
				PRODUCT_BUNDLE_IDENTIFIER = "Test.locker-appTests";
				PRODUCT_NAME = "$(TARGET_NAME)";
				TEST_HOST = "$(BUILT_PRODUCTS_DIR)/locker_app.app/locker_app";
			};
			name = Debug;
		};
		CCE64C0C1C53003C00C8A637 /* Release */ = {
			isa = XCBuildConfiguration;
			buildSettings = {
				BUNDLE_LOADER = "$(TEST_HOST)";
				INFOPLIST_FILE = locker_appTests/Info.plist;
				LD_RUNPATH_SEARCH_PATHS = "$(inherited) @executable_path/Frameworks @loader_path/Frameworks";
				PRODUCT_BUNDLE_IDENTIFIER = "Test.locker-appTests";
				PRODUCT_NAME = "$(TARGET_NAME)";
				TEST_HOST = "$(BUILT_PRODUCTS_DIR)/locker_app.app/locker_app";
			};
			name = Release;
		};
/* End XCBuildConfiguration section */

/* Begin XCConfigurationList section */
		CCE64BE51C53003C00C8A637 /* Build configuration list for PBXProject "locker_app" */ = {
			isa = XCConfigurationList;
			buildConfigurations = (
				CCE64C051C53003C00C8A637 /* Debug */,
				CCE64C061C53003C00C8A637 /* Release */,
			);
			defaultConfigurationIsVisible = 0;
			defaultConfigurationName = Release;
		};
		CCE64C071C53003C00C8A637 /* Build configuration list for PBXNativeTarget "locker_app" */ = {
			isa = XCConfigurationList;
			buildConfigurations = (
				CCE64C081C53003C00C8A637 /* Debug */,
				CCE64C091C53003C00C8A637 /* Release */,
			);
			defaultConfigurationIsVisible = 0;
			defaultConfigurationName = Release;
		};
		CCE64C0A1C53003C00C8A637 /* Build configuration list for PBXNativeTarget "locker_appTests" */ = {
			isa = XCConfigurationList;
			buildConfigurations = (
				CCE64C0B1C53003C00C8A637 /* Debug */,
				CCE64C0C1C53003C00C8A637 /* Release */,
			);
			defaultConfigurationIsVisible = 0;
			defaultConfigurationName = Release;
		};
/* End XCConfigurationList section */
	};
	rootObject = CCE64BE21C53003C00C8A637 /* Project object */;
}
